<?xml version="1.0" encoding="utf-8"?>
<Project ToolsVersion="4.0" xmlns="http://schemas.microsoft.com/developer/msbuild/2003">
  <ItemGroup>
    <Filter Include="Source">
      <UniqueIdentifier>{872ebb7b-6a0f-4728-b76d-5f4d3c09ab66}</UniqueIdentifier>
    </Filter>
    <Filter Include="Source\Graphics">
      <UniqueIdentifier>{5f365ef5-b98d-4309-9fa4-1e4c07559fb3}</UniqueIdentifier>
    </Filter>
    <Filter Include="Source\Application">
      <UniqueIdentifier>{5a6ab938-fccb-4839-9c4b-2ef826f9ea9b}</UniqueIdentifier>
    </Filter>
    <Filter Include="Source\System">
      <UniqueIdentifier>{e68c8d9e-8962-42c2-895e-737379796830}</UniqueIdentifier>
    </Filter>
    <Filter Include="Source\System\Window">
      <UniqueIdentifier>{a47e85bc-cbbe-4a0a-98dc-7bf04c25316f}</UniqueIdentifier>
    </Filter>
    <Filter Include="Source\System\Utility">
      <UniqueIdentifier>{e7e3e37a-541c-45f0-9fa4-6830dde507a2}</UniqueIdentifier>
    </Filter>
  </ItemGroup>
  <ItemGroup>
    <ClCompile Include="Class\Application\Application.cpp">
      <Filter>Source\Application</Filter>
    </ClCompile>
    <ClCompile Include="Class\System\Window\Window.cpp">
      <Filter>Source\System\Window</Filter>
    </ClCompile>
    <ClCompile Include="Class\Pch.cpp">
      <Filter>Source</Filter>
    </ClCompile>
    <ClCompile Include="Class\System\Utility\Utility.cpp">
      <Filter>Source\System\Utility</Filter>
    </ClCompile>
    <ClCompile Include="Class\Graphics\GraphicsDevice.cpp">
      <Filter>Source\Graphics</Filter>
    </ClCompile>
    <ClCompile Include="Class\System\System.cpp">
      <Filter>Source\System</Filter>
    </ClCompile>
  </ItemGroup>
  <ItemGroup>
    <ClInclude Include="Class\Application\Application.h">
      <Filter>Source\Application</Filter>
    </ClInclude>
    <ClInclude Include="Class\System\Window\Window.h">
      <Filter>Source\System\Window</Filter>
    </ClInclude>
    <ClInclude Include="Class\Pch.h">
      <Filter>Source</Filter>
    </ClInclude>
    <ClInclude Include="Class\System\Utility\Utility.h">
      <Filter>Source\System\Utility</Filter>
    </ClInclude>
    <ClInclude Include="Class\System\System.h">
      <Filter>Source\System</Filter>
    </ClInclude>
    <ClInclude Include="Class\Graphics\GraphicsDevice.h">
      <Filter>Source\Graphics</Filter>
    </ClInclude>
  </ItemGroup>
</Project>