<?xml version="1.0" encoding="utf-8"?>
<Project ToolsVersion="4.0" xmlns="http://schemas.microsoft.com/developer/msbuild/2003">
  <ItemGroup>
    <Filter Include="Source">
      <UniqueIdentifier>{872ebb7b-6a0f-4728-b76d-5f4d3c09ab66}</UniqueIdentifier>
    </Filter>
    <Filter Include="Source\Graphics">
      <UniqueIdentifier>{5f365ef5-b98d-4309-9fa4-1e4c07559fb3}</UniqueIdentifier>
    </Filter>
    <Filter Include="Source\Application">
      <UniqueIdentifier>{5a6ab938-fccb-4839-9c4b-2ef826f9ea9b}</UniqueIdentifier>
    </Filter>
    <Filter Include="Source\System">
      <UniqueIdentifier>{e68c8d9e-8962-42c2-895e-737379796830}</UniqueIdentifier>
    </Filter>
    <Filter Include="Source\System\Window">
      <UniqueIdentifier>{a47e85bc-cbbe-4a0a-98dc-7bf04c25316f}</UniqueIdentifier>
    </Filter>
    <Filter Include="Source\System\Utility">
      <UniqueIdentifier>{e7e3e37a-541c-45f0-9fa4-6830dde507a2}</UniqueIdentifier>
    </Filter>
    <Filter Include="Source\Graphics\Mesh">
      <UniqueIdentifier>{df688e58-cb5b-4158-9d68-0e2f5ac9198b}</UniqueIdentifier>
    </Filter>
    <Filter Include="Asset">
      <UniqueIdentifier>{b928f374-8a64-4b5f-9dbc-018b08b93246}</UniqueIdentifier>
    </Filter>
    <Filter Include="Asset\Shader">
      <UniqueIdentifier>{f7f99f5d-caeb-4437-974b-526f7afff494}</UniqueIdentifier>
    </Filter>
    <Filter Include="Source\Graphics\Shader">
      <UniqueIdentifier>{92d07190-34e4-46b0-afde-2d6c0c651c55}</UniqueIdentifier>
    </Filter>
    <Filter Include="Source\Graphics\Shader\RootSignature">
      <UniqueIdentifier>{0c998fee-3c2d-46c4-a93a-1ed5dc3389cb}</UniqueIdentifier>
    </Filter>
    <Filter Include="Source\Graphics\Shader\Pipeline">
      <UniqueIdentifier>{960a5abc-db71-4e9a-9403-894c15239098}</UniqueIdentifier>
    </Filter>
    <Filter Include="Source\Graphics\Heap">
      <UniqueIdentifier>{f73b265f-87cc-4151-b2b3-089348df3e71}</UniqueIdentifier>
    </Filter>
    <Filter Include="Source\Graphics\Heap\CBVSRVUAVHeap">
      <UniqueIdentifier>{1cc801cd-f4a3-463e-b12c-c8aa21ae919f}</UniqueIdentifier>
    </Filter>
    <Filter Include="Source\Graphics\Heap\RTVHeap">
      <UniqueIdentifier>{cb7836cb-9428-45b8-a0f6-e029a6989873}</UniqueIdentifier>
    </Filter>
  </ItemGroup>
  <ItemGroup>
    <ClCompile Include="Class\Application\Application.cpp">
      <Filter>Source\Application</Filter>
    </ClCompile>
    <ClCompile Include="Class\System\Window\Window.cpp">
      <Filter>Source\System\Window</Filter>
    </ClCompile>
    <ClCompile Include="Class\System\Utility\Utility.cpp">
      <Filter>Source\System\Utility</Filter>
    </ClCompile>
    <ClCompile Include="Class\Graphics\GraphicsDevice.cpp">
      <Filter>Source\Graphics</Filter>
    </ClCompile>
    <ClCompile Include="Class\System\System.cpp">
      <Filter>Source\System</Filter>
    </ClCompile>
    <ClCompile Include="Class\Graphics\Mesh\Mesh.cpp">
      <Filter>Source\Graphics\Mesh</Filter>
    </ClCompile>
    <ClCompile Include="Class\Graphics\Shader\Shader.cpp">
      <Filter>Source\Graphics\Shader</Filter>
    </ClCompile>
    <ClCompile Include="Class\Graphics\Shader\Pipeline\Pipeline.cpp">
      <Filter>Source\Graphics\Shader\Pipeline</Filter>
    </ClCompile>
    <ClCompile Include="Class\Graphics\Shader\RootSignature\RootSignature.cpp">
      <Filter>Source\Graphics\Shader\RootSignature</Filter>
    </ClCompile>
    <ClCompile Include="Class\Graphics\Heap\CBVSRVUAVHeap\CBVSRVUAVHeap.cpp">
      <Filter>Source\Graphics\Heap\CBVSRVUAVHeap</Filter>
    </ClCompile>
    <ClCompile Include="Class\Pch.cpp">
      <Filter>Source</Filter>
    </ClCompile>
    <ClCompile Include="Class\Graphics\Heap\RTVHeap\RTVHeap.cpp">
      <Filter>Source\Graphics\Heap\RTVHeap</Filter>
    </ClCompile>
  </ItemGroup>
  <ItemGroup>
    <ClInclude Include="Class\Application\Application.h">
      <Filter>Source\Application</Filter>
    </ClInclude>
    <ClInclude Include="Class\System\Window\Window.h">
      <Filter>Source\System\Window</Filter>
    </ClInclude>
    <ClInclude Include="Class\Pch.h">
      <Filter>Source</Filter>
    </ClInclude>
    <ClInclude Include="Class\System\Utility\Utility.h">
      <Filter>Source\System\Utility</Filter>
    </ClInclude>
    <ClInclude Include="Class\System\System.h">
      <Filter>Source\System</Filter>
    </ClInclude>
    <ClInclude Include="Class\Graphics\GraphicsDevice.h">
      <Filter>Source\Graphics</Filter>
    </ClInclude>
    <ClInclude Include="Class\Graphics\Mesh\Mesh.h">
      <Filter>Source\Graphics\Mesh</Filter>
    </ClInclude>
    <ClInclude Include="Class\Graphics\Shader\Shader.h">
      <Filter>Source\Graphics\Shader</Filter>
    </ClInclude>
    <ClInclude Include="Class\Graphics\Shader\Pipeline\Pipeline.h">
      <Filter>Source\Graphics\Shader\Pipeline</Filter>
    </ClInclude>
    <ClInclude Include="Class\Graphics\Shader\RootSignature\RootSignature.h">
      <Filter>Source\Graphics\Shader\RootSignature</Filter>
    </ClInclude>
    <ClInclude Include="Class\Graphics\Heap\CBVSRVUAVHeap\CBVSRVUAVHeap.h">
      <Filter>Source\Graphics\Heap\CBVSRVUAVHeap</Filter>
    </ClInclude>
    <ClInclude Include="Class\Graphics\Heap\Heap.h">
      <Filter>Source\Graphics\Heap</Filter>
    </ClInclude>
    <ClInclude Include="Class\Graphics\Heap\RTVHeap\RTVHeap.h">
      <Filter>Source\Graphics\Heap\RTVHeap</Filter>
    </ClInclude>
  </ItemGroup>
  <ItemGroup>
    <None Include="packages.config" />
    <None Include="Asset\Shader\inc_SimpleShader.hlsli">
      <Filter>Asset\Shader</Filter>
    </None>
  </ItemGroup>
  <ItemGroup>
    <FxCompile Include="Asset\Shader\SimpleShader_VS.hlsl">
      <Filter>Asset\Shader</Filter>
    </FxCompile>
    <FxCompile Include="Asset\Shader\SimpleShader_PS.hlsl">
      <Filter>Asset\Shader</Filter>
    </FxCompile>
  </ItemGroup>
</Project>